
Microsoft Visual Studio Solution File, Format Version 12.00
# Visual Studio Version 16
VisualStudioVersion = 16.0.30011.22
MinimumVisualStudioVersion = 10.0.40219.1
Project("{FAE04EC0-301F-11D3-BF4B-00C04F79EFBC}") = "Ta-Re-it2", "Ta-Re-it2\Ta-Re-it2.csproj", "{1E9728F8-8397-485B-B0F8-771F1D797DDF}"
EndProject
Global
	GlobalSection(SolutionConfigurationPlatforms) = preSolution
		Debug|Any CPU = Debug|Any CPU
		Release|Any CPU = Release|Any CPU
	EndGlobalSection
	GlobalSection(ProjectConfigurationPlatforms) = postSolution
		{1E9728F8-8397-485B-B0F8-771F1D797DDF}.Debug|Any CPU.ActiveCfg = Debug|Any CPU
		{1E9728F8-8397-485B-B0F8-771F1D797DDF}.Debug|Any CPU.Build.0 = Debug|Any CPU
		{1E9728F8-8397-485B-B0F8-771F1D797DDF}.Release|Any CPU.ActiveCfg = Release|Any CPU
		{1E9728F8-8397-485B-B0F8-771F1D797DDF}.Release|Any CPU.Build.0 = Release|Any CPU
	EndGlobalSection
	GlobalSection(SolutionProperties) = preSolution
		HideSolutionNode = FALSE
	EndGlobalSection
	GlobalSection(ExtensibilityGlobals) = postSolution
		SolutionGuid = {334CCA11-9022-437B-ADFE-F6FBAFE39618}
	EndGlobalSection
EndGlobal
